
Microsoft Visual Studio Solution File, Format Version 12.00
# Visual Studio Version 17
VisualStudioVersion = 17.8.34316.72
MinimumVisualStudioVersion = 10.0.40219.1
Project("{FAE04EC0-301F-11D3-BF4B-00C04F79EFBC}") = "GraphQL-PoC", "GraphQL-PoC.csproj", "{555E3FED-69C4-43D4-8D66-22BBA5B76FEC}"
EndProject
Global
	GlobalSection(SolutionConfigurationPlatforms) = preSolution
		Debug|Any CPU = Debug|Any CPU
		Release|Any CPU = Release|Any CPU
	EndGlobalSection
	GlobalSection(ProjectConfigurationPlatforms) = postSolution
		{555E3FED-69C4-43D4-8D66-22BBA5B76FEC}.Debug|Any CPU.ActiveCfg = Debug|Any CPU
		{555E3FED-69C4-43D4-8D66-22BBA5B76FEC}.Debug|Any CPU.Build.0 = Debug|Any CPU
		{555E3FED-69C4-43D4-8D66-22BBA5B76FEC}.Release|Any CPU.ActiveCfg = Release|Any CPU
		{555E3FED-69C4-43D4-8D66-22BBA5B76FEC}.Release|Any CPU.Build.0 = Release|Any CPU
	EndGlobalSection
	GlobalSection(SolutionProperties) = preSolution
		HideSolutionNode = FALSE
	EndGlobalSection
	GlobalSection(ExtensibilityGlobals) = postSolution
		SolutionGuid = {9205039D-227B-4C6E-A7C7-BAF7A9CBDB81}
	EndGlobalSection
EndGlobal
